{
    "_readme": [
        "This file locks the dependencies of your project to a known state",
        "Read more about it at https://getcomposer.org/doc/01-basic-usage.md#installing-dependencies",
        "This file is @generated automatically"
    ],
    "content-hash": "0db00ed242a60ab012d47f75682fd761",
    "packages": [
        {
            "name": "cweagans/composer-patches",
            "version": "1.6.0",
            "source": {
                "type": "git",
                "url": "https://github.com/cweagans/composer-patches.git",
                "reference": "7cd5c6eb7e68b8f7436ce1a7b9fffa4418bf59c6"
            },
            "dist": {
                "type": "zip",
                "url": "https://api.github.com/repos/cweagans/composer-patches/zipball/7cd5c6eb7e68b8f7436ce1a7b9fffa4418bf59c6",
                "reference": "7cd5c6eb7e68b8f7436ce1a7b9fffa4418bf59c6",
                "shasum": ""
            },
            "require": {
                "composer-plugin-api": "^1.0",
                "php": ">=5.3.0"
            },
            "require-dev": {
                "composer/composer": "~1.0",
                "phpunit/phpunit": "~4.6"
            },
            "type": "composer-plugin",
            "extra": {
                "class": "cweagans\\Composer\\Patches"
            },
            "autoload": {
                "psr-4": {
                    "cweagans\\Composer\\": "src"
                }
            },
            "notification-url": "https://packagist.org/downloads/",
            "license": [
                "BSD-2-Clause"
            ],
            "authors": [
                {
                    "name": "Cameron Eagans",
                    "email": "me@cweagans.net"
                }
            ],
            "description": "Provides a way to patch Composer packages.",
            "time": "2016-12-01T01:19:32+00:00"
        }
    ],
    "packages-dev": [
        {
            "name": "pyrech/composer-changelogs",
            "version": "v1.6.0",
            "source": {
                "type": "git",
                "url": "https://github.com/pyrech/composer-changelogs.git",
                "reference": "0871e60c77a2ed6771e6191300809ded4f51e775"
            },
            "dist": {
                "type": "zip",
                "url": "https://api.github.com/repos/pyrech/composer-changelogs/zipball/0871e60c77a2ed6771e6191300809ded4f51e775",
                "reference": "0871e60c77a2ed6771e6191300809ded4f51e775",
                "shasum": ""
            },
            "require": {
                "composer-plugin-api": "^1.0|^1.1",
                "php": ">=5.4.0"
            },
            "require-dev": {
                "composer/composer": "~1.0.0-alpha10@dev",
                "composer/semver": "1.2.0",
                "friendsofphp/php-cs-fixer": "~1.5",
                "phpunit/phpunit": "^4.8"
            },
            "type": "composer-plugin",
            "extra": {
                "class": "Pyrech\\ComposerChangelogs\\ChangelogsPlugin",
                "branch-alias": {
                    "dev-master": "1.5.x-dev"
                }
            },
            "autoload": {
                "psr-4": {
                    "Pyrech\\ComposerChangelogs\\": "src/"
                }
            },
            "notification-url": "https://packagist.org/downloads/",
            "license": [
                "MIT"
            ],
            "authors": [
                {
                    "name": "Loïck Piera",
                    "email": "pyrech@gmail.com"
                }
            ],
            "description": "Display changelogs after each composer update",
            "keywords": [
                "changelog",
                "composer",
                "plugin",
                "update"
            ],
            "time": "2017-12-11T14:49:29+00:00"
        }
    ],
    "aliases": [],
    "minimum-stability": "stable",
    "stability-flags": [],
    "prefer-stable": false,
    "prefer-lowest": false,
    "platform": [],
    "platform-dev": [],
    "plugin-api-version": "1.1.0"
}
